{
  "name": "tree-sitter-ssh-client-config",
  "version": "9999.99.99",
  "lockfileVersion": 2,
  "requires": true,
  "packages": {
    "": {
      "name": "tree-sitter-ssh-client-config",
      "version": "9999.99.99",
      "license": "CC0-1.0",
      "dependencies": {
        "nan": "2.20.0"
      },
      "devDependencies": {
        "tree-sitter-cli": "0.24.2"
      }
    },
    "node_modules/nan": {
      "version": "2.20.0",
      "resolved": "https://registry.npmjs.org/nan/-/nan-2.20.0.tgz",
      "integrity": "sha512-bk3gXBZDGILuuo/6sKtr0DQmSThYHLtNCdSdXk9YkxD/jK6X2vmCyyXBBxyqZ4XcnzTyYEAThfX3DCEnLf6igw=="
    },
    "node_modules/tree-sitter-cli": {
      "version": "0.24.2",
      "resolved": "https://registry.npmjs.org/tree-sitter-cli/-/tree-sitter-cli-0.24.2.tgz",
      "integrity": "sha512-W3dyC6dDpcH0nNHD7HHhRxvGW56EH+Gel2k/gJTHbQydBwed3ONbwpUeqpQzNJ3BvTtR1RZ9He5wkP2j9/xdkA==",
      "dev": true,
      "hasInstallScript": true,
      "bin": {
        "tree-sitter": "cli.js"
      },
      "engines": {
        "node": ">=12.0.0"
      }
    }
  },
  "dependencies": {
    "nan": {
      "version": "2.20.0",
      "resolved": "https://registry.npmjs.org/nan/-/nan-2.20.0.tgz",
      "integrity": "sha512-bk3gXBZDGILuuo/6sKtr0DQmSThYHLtNCdSdXk9YkxD/jK6X2vmCyyXBBxyqZ4XcnzTyYEAThfX3DCEnLf6igw=="
    },
    "tree-sitter-cli": {
      "version": "0.24.2",
      "resolved": "https://registry.npmjs.org/tree-sitter-cli/-/tree-sitter-cli-0.24.2.tgz",
      "integrity": "sha512-W3dyC6dDpcH0nNHD7HHhRxvGW56EH+Gel2k/gJTHbQydBwed3ONbwpUeqpQzNJ3BvTtR1RZ9He5wkP2j9/xdkA==",
      "dev": true
    }
  }
}
